
Microsoft Visual Studio Solution File, Format Version 12.00
# Visual Studio 15
VisualStudioVersion = 15.0.26730.16
MinimumVisualStudioVersion = 10.0.40219.1
Project("{888888A0-9F3D-457C-B088-3A5042F75D52}") = "Xi2 Apportionment", "Xi2 Apportionment\Xi2 Apportionment.pyproj", "{66BA7CE1-6D93-433C-80A4-257C087F5B15}"
EndProject
Global
	GlobalSection(SolutionConfigurationPlatforms) = preSolution
		Debug|Any CPU = Debug|Any CPU
		Release|Any CPU = Release|Any CPU
	EndGlobalSection
	GlobalSection(ProjectConfigurationPlatforms) = postSolution
		{66BA7CE1-6D93-433C-80A4-257C087F5B15}.Debug|Any CPU.ActiveCfg = Debug|Any CPU
		{66BA7CE1-6D93-433C-80A4-257C087F5B15}.Release|Any CPU.ActiveCfg = Release|Any CPU
	EndGlobalSection
	GlobalSection(SolutionProperties) = preSolution
		HideSolutionNode = FALSE
	EndGlobalSection
	GlobalSection(ExtensibilityGlobals) = postSolution
		SolutionGuid = {F230A1C9-C906-4CB9-9390-A8AF2A718808}
	EndGlobalSection
EndGlobal
